
Microsoft Visual Studio Solution File, Format Version 12.00
# Visual Studio Version 17
VisualStudioVersion = 17.3.32922.545
MinimumVisualStudioVersion = 10.0.40219.1
Project("{FAE04EC0-301F-11D3-BF4B-00C04F79EFBC}") = "ay", "ay\ay.csproj", "{99C90CFA-37BF-4F76-ACE5-2F6D501BE52E}"
EndProject
Global
	GlobalSection(SolutionConfigurationPlatforms) = preSolution
		Debug|Any CPU = Debug|Any CPU
		Release|Any CPU = Release|Any CPU
	EndGlobalSection
	GlobalSection(ProjectConfigurationPlatforms) = postSolution
		{99C90CFA-37BF-4F76-ACE5-2F6D501BE52E}.Debug|Any CPU.ActiveCfg = Debug|Any CPU
		{99C90CFA-37BF-4F76-ACE5-2F6D501BE52E}.Debug|Any CPU.Build.0 = Debug|Any CPU
		{99C90CFA-37BF-4F76-ACE5-2F6D501BE52E}.Release|Any CPU.ActiveCfg = Release|Any CPU
		{99C90CFA-37BF-4F76-ACE5-2F6D501BE52E}.Release|Any CPU.Build.0 = Release|Any CPU
	EndGlobalSection
	GlobalSection(SolutionProperties) = preSolution
		HideSolutionNode = FALSE
	EndGlobalSection
	GlobalSection(ExtensibilityGlobals) = postSolution
		SolutionGuid = {CB3AA34F-DD01-4A4C-9F36-5349B1D6E3D1}
	EndGlobalSection
EndGlobal
